
Microsoft Visual Studio Solution File, Format Version 12.00
# Visual Studio Version 17
VisualStudioVersion = 17.12.35527.113 d17.12
MinimumVisualStudioVersion = 10.0.40219.1
Project("{FAE04EC0-301F-11D3-BF4B-00C04F79EFBC}") = "Task1", "Task1\Task1.csproj", "{B54C3BE5-CBCF-4D28-BCD4-2A561A78DE17}"
EndProject
Project("{FAE04EC0-301F-11D3-BF4B-00C04F79EFBC}") = "Task2", "Task2\Task2.csproj", "{35C6A97B-6D0F-47A2-8F70-3C36B800A628}"
EndProject
Global
	GlobalSection(SolutionConfigurationPlatforms) = preSolution
		Debug|Any CPU = Debug|Any CPU
		Release|Any CPU = Release|Any CPU
	EndGlobalSection
	GlobalSection(ProjectConfigurationPlatforms) = postSolution
		{B54C3BE5-CBCF-4D28-BCD4-2A561A78DE17}.Debug|Any CPU.ActiveCfg = Debug|Any CPU
		{B54C3BE5-CBCF-4D28-BCD4-2A561A78DE17}.Debug|Any CPU.Build.0 = Debug|Any CPU
		{B54C3BE5-CBCF-4D28-BCD4-2A561A78DE17}.Release|Any CPU.ActiveCfg = Release|Any CPU
		{B54C3BE5-CBCF-4D28-BCD4-2A561A78DE17}.Release|Any CPU.Build.0 = Release|Any CPU
		{35C6A97B-6D0F-47A2-8F70-3C36B800A628}.Debug|Any CPU.ActiveCfg = Debug|Any CPU
		{35C6A97B-6D0F-47A2-8F70-3C36B800A628}.Debug|Any CPU.Build.0 = Debug|Any CPU
		{35C6A97B-6D0F-47A2-8F70-3C36B800A628}.Release|Any CPU.ActiveCfg = Release|Any CPU
		{35C6A97B-6D0F-47A2-8F70-3C36B800A628}.Release|Any CPU.Build.0 = Release|Any CPU
	EndGlobalSection
	GlobalSection(SolutionProperties) = preSolution
		HideSolutionNode = FALSE
	EndGlobalSection
EndGlobal
